
Microsoft Visual Studio Solution File, Format Version 12.00
# Visual Studio Express 2013 for Windows Desktop
VisualStudioVersion = 12.0.30723.0
MinimumVisualStudioVersion = 10.0.40219.1
Project("{FAE04EC0-301F-11D3-BF4B-00C04F79EFBC}") = "Leap.Library", "Leap.Library\Leap.Library.csproj", "{7EE835D2-089D-4EFC-AF2C-DD6A6BC069DC}"
EndProject
Project("{FAE04EC0-301F-11D3-BF4B-00C04F79EFBC}") = "Leap.Test", "Leap.Test\Leap.Test.csproj", "{D06C53DF-20E2-486C-A53A-3234CD10FE7E}"
EndProject
Project("{FAE04EC0-301F-11D3-BF4B-00C04F79EFBC}") = "Bob.Test", "Bob.Test\Bob.Test.csproj", "{239A4C5C-F6FC-40F4-ACA5-EBFBD20F6917}"
EndProject
Project("{FAE04EC0-301F-11D3-BF4B-00C04F79EFBC}") = "Bob.Library", "Bob.Library\Bob.Library.csproj", "{7E84CE62-AC9B-4FE3-89E2-2602230F863E}"
EndProject
Project("{FAE04EC0-301F-11D3-BF4B-00C04F79EFBC}") = "Etl.Library", "Etl.Library\Etl.Library.csproj", "{9D68C02F-2516-45E4-A7FB-B8565AFBEB50}"
EndProject
Project("{FAE04EC0-301F-11D3-BF4B-00C04F79EFBC}") = "Etl.Test", "Etl.Test\Etl.Test.csproj", "{D44832DC-3F70-4FEB-8499-7FF205D14A24}"
EndProject
Project("{FAE04EC0-301F-11D3-BF4B-00C04F79EFBC}") = "Anagram.Library", "Anagram\Anagram.Library.csproj", "{1D84BF41-EA14-46F0-B7F7-C659F7DC4DDC}"
EndProject
Project("{FAE04EC0-301F-11D3-BF4B-00C04F79EFBC}") = "Anagram.Test", "Anagram.Test\Anagram.Test.csproj", "{9DA60B00-4A86-438E-AE87-D6AC96306AEB}"
EndProject
Project("{FAE04EC0-301F-11D3-BF4B-00C04F79EFBC}") = "Anagram.Client", "Anagram.Client\Anagram.Client.csproj", "{68492A17-BC24-4844-A675-8AD35588EBF5}"
EndProject
Project("{FAE04EC0-301F-11D3-BF4B-00C04F79EFBC}") = "Hamming.Library", "Hamming.Library\Hamming.Library.csproj", "{209E2911-CFA4-4452-871A-A8F15A2EEAA5}"
EndProject
Project("{FAE04EC0-301F-11D3-BF4B-00C04F79EFBC}") = "Hamming.Test", "Hamming.Test\Hamming.Test.csproj", "{D1D341E8-6DE9-474F-A50B-062AEA5B3DCE}"
EndProject
Global
	GlobalSection(SolutionConfigurationPlatforms) = preSolution
		Debug|Any CPU = Debug|Any CPU
		Release|Any CPU = Release|Any CPU
	EndGlobalSection
	GlobalSection(ProjectConfigurationPlatforms) = postSolution
		{7EE835D2-089D-4EFC-AF2C-DD6A6BC069DC}.Debug|Any CPU.ActiveCfg = Debug|Any CPU
		{7EE835D2-089D-4EFC-AF2C-DD6A6BC069DC}.Debug|Any CPU.Build.0 = Debug|Any CPU
		{7EE835D2-089D-4EFC-AF2C-DD6A6BC069DC}.Release|Any CPU.ActiveCfg = Release|Any CPU
		{7EE835D2-089D-4EFC-AF2C-DD6A6BC069DC}.Release|Any CPU.Build.0 = Release|Any CPU
		{D06C53DF-20E2-486C-A53A-3234CD10FE7E}.Debug|Any CPU.ActiveCfg = Debug|Any CPU
		{D06C53DF-20E2-486C-A53A-3234CD10FE7E}.Debug|Any CPU.Build.0 = Debug|Any CPU
		{D06C53DF-20E2-486C-A53A-3234CD10FE7E}.Release|Any CPU.ActiveCfg = Release|Any CPU
		{D06C53DF-20E2-486C-A53A-3234CD10FE7E}.Release|Any CPU.Build.0 = Release|Any CPU
		{239A4C5C-F6FC-40F4-ACA5-EBFBD20F6917}.Debug|Any CPU.ActiveCfg = Debug|Any CPU
		{239A4C5C-F6FC-40F4-ACA5-EBFBD20F6917}.Debug|Any CPU.Build.0 = Debug|Any CPU
		{239A4C5C-F6FC-40F4-ACA5-EBFBD20F6917}.Release|Any CPU.ActiveCfg = Release|Any CPU
		{239A4C5C-F6FC-40F4-ACA5-EBFBD20F6917}.Release|Any CPU.Build.0 = Release|Any CPU
		{7E84CE62-AC9B-4FE3-89E2-2602230F863E}.Debug|Any CPU.ActiveCfg = Debug|Any CPU
		{7E84CE62-AC9B-4FE3-89E2-2602230F863E}.Debug|Any CPU.Build.0 = Debug|Any CPU
		{7E84CE62-AC9B-4FE3-89E2-2602230F863E}.Release|Any CPU.ActiveCfg = Release|Any CPU
		{7E84CE62-AC9B-4FE3-89E2-2602230F863E}.Release|Any CPU.Build.0 = Release|Any CPU
		{9D68C02F-2516-45E4-A7FB-B8565AFBEB50}.Debug|Any CPU.ActiveCfg = Debug|Any CPU
		{9D68C02F-2516-45E4-A7FB-B8565AFBEB50}.Debug|Any CPU.Build.0 = Debug|Any CPU
		{9D68C02F-2516-45E4-A7FB-B8565AFBEB50}.Release|Any CPU.ActiveCfg = Release|Any CPU
		{9D68C02F-2516-45E4-A7FB-B8565AFBEB50}.Release|Any CPU.Build.0 = Release|Any CPU
		{D44832DC-3F70-4FEB-8499-7FF205D14A24}.Debug|Any CPU.ActiveCfg = Debug|Any CPU
		{D44832DC-3F70-4FEB-8499-7FF205D14A24}.Debug|Any CPU.Build.0 = Debug|Any CPU
		{D44832DC-3F70-4FEB-8499-7FF205D14A24}.Release|Any CPU.ActiveCfg = Release|Any CPU
		{D44832DC-3F70-4FEB-8499-7FF205D14A24}.Release|Any CPU.Build.0 = Release|Any CPU
		{1D84BF41-EA14-46F0-B7F7-C659F7DC4DDC}.Debug|Any CPU.ActiveCfg = Debug|Any CPU
		{1D84BF41-EA14-46F0-B7F7-C659F7DC4DDC}.Debug|Any CPU.Build.0 = Debug|Any CPU
		{1D84BF41-EA14-46F0-B7F7-C659F7DC4DDC}.Release|Any CPU.ActiveCfg = Release|Any CPU
		{1D84BF41-EA14-46F0-B7F7-C659F7DC4DDC}.Release|Any CPU.Build.0 = Release|Any CPU
		{9DA60B00-4A86-438E-AE87-D6AC96306AEB}.Debug|Any CPU.ActiveCfg = Debug|Any CPU
		{9DA60B00-4A86-438E-AE87-D6AC96306AEB}.Debug|Any CPU.Build.0 = Debug|Any CPU
		{9DA60B00-4A86-438E-AE87-D6AC96306AEB}.Release|Any CPU.ActiveCfg = Release|Any CPU
		{9DA60B00-4A86-438E-AE87-D6AC96306AEB}.Release|Any CPU.Build.0 = Release|Any CPU
		{68492A17-BC24-4844-A675-8AD35588EBF5}.Debug|Any CPU.ActiveCfg = Debug|Any CPU
		{68492A17-BC24-4844-A675-8AD35588EBF5}.Debug|Any CPU.Build.0 = Debug|Any CPU
		{68492A17-BC24-4844-A675-8AD35588EBF5}.Release|Any CPU.ActiveCfg = Release|Any CPU
		{68492A17-BC24-4844-A675-8AD35588EBF5}.Release|Any CPU.Build.0 = Release|Any CPU
		{209E2911-CFA4-4452-871A-A8F15A2EEAA5}.Debug|Any CPU.ActiveCfg = Debug|Any CPU
		{209E2911-CFA4-4452-871A-A8F15A2EEAA5}.Debug|Any CPU.Build.0 = Debug|Any CPU
		{209E2911-CFA4-4452-871A-A8F15A2EEAA5}.Release|Any CPU.ActiveCfg = Release|Any CPU
		{209E2911-CFA4-4452-871A-A8F15A2EEAA5}.Release|Any CPU.Build.0 = Release|Any CPU
		{D1D341E8-6DE9-474F-A50B-062AEA5B3DCE}.Debug|Any CPU.ActiveCfg = Debug|Any CPU
		{D1D341E8-6DE9-474F-A50B-062AEA5B3DCE}.Debug|Any CPU.Build.0 = Debug|Any CPU
		{D1D341E8-6DE9-474F-A50B-062AEA5B3DCE}.Release|Any CPU.ActiveCfg = Release|Any CPU
		{D1D341E8-6DE9-474F-A50B-062AEA5B3DCE}.Release|Any CPU.Build.0 = Release|Any CPU
	EndGlobalSection
	GlobalSection(SolutionProperties) = preSolution
		HideSolutionNode = FALSE
	EndGlobalSection
EndGlobal
